
Microsoft Visual Studio Solution File, Format Version 12.00
# Visual Studio Version 17
VisualStudioVersion = 17.6.33829.357
MinimumVisualStudioVersion = 10.0.40219.1
Project("{FAE04EC0-301F-11D3-BF4B-00C04F79EFBC}") = "BankomatExerciseV3", "BankomatExerciseV3\BankomatExerciseV3.csproj", "{80545061-DE1A-4491-8E3A-D9037457022C}"
EndProject
Global
	GlobalSection(SolutionConfigurationPlatforms) = preSolution
		Debug|Any CPU = Debug|Any CPU
		Release|Any CPU = Release|Any CPU
	EndGlobalSection
	GlobalSection(ProjectConfigurationPlatforms) = postSolution
		{80545061-DE1A-4491-8E3A-D9037457022C}.Debug|Any CPU.ActiveCfg = Debug|Any CPU
		{80545061-DE1A-4491-8E3A-D9037457022C}.Debug|Any CPU.Build.0 = Debug|Any CPU
		{80545061-DE1A-4491-8E3A-D9037457022C}.Release|Any CPU.ActiveCfg = Release|Any CPU
		{80545061-DE1A-4491-8E3A-D9037457022C}.Release|Any CPU.Build.0 = Release|Any CPU
	EndGlobalSection
	GlobalSection(SolutionProperties) = preSolution
		HideSolutionNode = FALSE
	EndGlobalSection
	GlobalSection(ExtensibilityGlobals) = postSolution
		SolutionGuid = {12664CCE-1702-4F09-8B27-8846A0E087D5}
	EndGlobalSection
EndGlobal
